
Microsoft Visual Studio Solution File, Format Version 10.00
# Visual Studio 2008
Project("{E24C65DC-7377-472B-9ABA-BC803B73C61A}") = "C:\Scorecards\iScore\", "C:\Scorecards\iScore\", "{EC0A287D-5176-4D2F-946E-A5962E32777D}"
	ProjectSection(WebsiteProperties) = preProject
		ProjectReferences = "{7603342D-ADFC-4726-8DEF-DF943C2BF9F8}|Business.dll;"
		Debug.AspNetCompiler.VirtualPath = "/iScore"
		Debug.AspNetCompiler.PhysicalPath = "C:\Scorecards\iScore\"
		Debug.AspNetCompiler.TargetPath = "PrecompiledWeb\iScore\"
		Debug.AspNetCompiler.Updateable = "true"
		Debug.AspNetCompiler.ForceOverwrite = "true"
		Debug.AspNetCompiler.FixedNames = "false"
		Debug.AspNetCompiler.Debug = "True"
		Release.AspNetCompiler.VirtualPath = "/iScore"
		Release.AspNetCompiler.PhysicalPath = "C:\Scorecards\iScore\"
		Release.AspNetCompiler.TargetPath = "PrecompiledWeb\iScore\"
		Release.AspNetCompiler.Updateable = "true"
		Release.AspNetCompiler.ForceOverwrite = "true"
		Release.AspNetCompiler.FixedNames = "false"
		Release.AspNetCompiler.Debug = "False"
		VWDPort = "50722"
		DefaultWebSiteLanguage = "Visual C#"
	EndProjectSection
EndProject
Project("{FAE04EC0-301F-11D3-BF4B-00C04F79EFBC}") = "Business", "Business\Business.csproj", "{7603342D-ADFC-4726-8DEF-DF943C2BF9F8}"
EndProject
Project("{FAE04EC0-301F-11D3-BF4B-00C04F79EFBC}") = "Data", "Data\Data.csproj", "{99217D17-A666-4F5A-8210-D3D2F795F379}"
EndProject
Global
	GlobalSection(SolutionConfigurationPlatforms) = preSolution
		Debug|.NET = Debug|.NET
		Debug|Any CPU = Debug|Any CPU
		Debug|Mixed Platforms = Debug|Mixed Platforms
		Release|.NET = Release|.NET
		Release|Any CPU = Release|Any CPU
		Release|Mixed Platforms = Release|Mixed Platforms
	EndGlobalSection
	GlobalSection(ProjectConfigurationPlatforms) = postSolution
		{EC0A287D-5176-4D2F-946E-A5962E32777D}.Debug|.NET.ActiveCfg = Debug|.NET
		{EC0A287D-5176-4D2F-946E-A5962E32777D}.Debug|.NET.Build.0 = Debug|.NET
		{EC0A287D-5176-4D2F-946E-A5962E32777D}.Debug|Any CPU.ActiveCfg = Debug|.NET
		{EC0A287D-5176-4D2F-946E-A5962E32777D}.Debug|Mixed Platforms.ActiveCfg = Debug|.NET
		{EC0A287D-5176-4D2F-946E-A5962E32777D}.Debug|Mixed Platforms.Build.0 = Debug|.NET
		{EC0A287D-5176-4D2F-946E-A5962E32777D}.Release|.NET.ActiveCfg = Debug|.NET
		{EC0A287D-5176-4D2F-946E-A5962E32777D}.Release|.NET.Build.0 = Debug|.NET
		{EC0A287D-5176-4D2F-946E-A5962E32777D}.Release|Any CPU.ActiveCfg = Debug|.NET
		{EC0A287D-5176-4D2F-946E-A5962E32777D}.Release|Mixed Platforms.ActiveCfg = Debug|.NET
		{EC0A287D-5176-4D2F-946E-A5962E32777D}.Release|Mixed Platforms.Build.0 = Debug|.NET
		{7603342D-ADFC-4726-8DEF-DF943C2BF9F8}.Debug|.NET.ActiveCfg = Debug|Any CPU
		{7603342D-ADFC-4726-8DEF-DF943C2BF9F8}.Debug|Any CPU.ActiveCfg = Debug|Any CPU
		{7603342D-ADFC-4726-8DEF-DF943C2BF9F8}.Debug|Any CPU.Build.0 = Debug|Any CPU
		{7603342D-ADFC-4726-8DEF-DF943C2BF9F8}.Debug|Mixed Platforms.ActiveCfg = Debug|Any CPU
		{7603342D-ADFC-4726-8DEF-DF943C2BF9F8}.Debug|Mixed Platforms.Build.0 = Debug|Any CPU
		{7603342D-ADFC-4726-8DEF-DF943C2BF9F8}.Release|.NET.ActiveCfg = Release|Any CPU
		{7603342D-ADFC-4726-8DEF-DF943C2BF9F8}.Release|Any CPU.ActiveCfg = Release|Any CPU
		{7603342D-ADFC-4726-8DEF-DF943C2BF9F8}.Release|Any CPU.Build.0 = Release|Any CPU
		{7603342D-ADFC-4726-8DEF-DF943C2BF9F8}.Release|Mixed Platforms.ActiveCfg = Release|Any CPU
		{7603342D-ADFC-4726-8DEF-DF943C2BF9F8}.Release|Mixed Platforms.Build.0 = Release|Any CPU
		{99217D17-A666-4F5A-8210-D3D2F795F379}.Debug|.NET.ActiveCfg = Debug|Any CPU
		{99217D17-A666-4F5A-8210-D3D2F795F379}.Debug|Any CPU.ActiveCfg = Debug|Any CPU
		{99217D17-A666-4F5A-8210-D3D2F795F379}.Debug|Any CPU.Build.0 = Debug|Any CPU
		{99217D17-A666-4F5A-8210-D3D2F795F379}.Debug|Mixed Platforms.ActiveCfg = Debug|Any CPU
		{99217D17-A666-4F5A-8210-D3D2F795F379}.Debug|Mixed Platforms.Build.0 = Debug|Any CPU
		{99217D17-A666-4F5A-8210-D3D2F795F379}.Release|.NET.ActiveCfg = Release|Any CPU
		{99217D17-A666-4F5A-8210-D3D2F795F379}.Release|Any CPU.ActiveCfg = Release|Any CPU
		{99217D17-A666-4F5A-8210-D3D2F795F379}.Release|Any CPU.Build.0 = Release|Any CPU
		{99217D17-A666-4F5A-8210-D3D2F795F379}.Release|Mixed Platforms.ActiveCfg = Release|Any CPU
		{99217D17-A666-4F5A-8210-D3D2F795F379}.Release|Mixed Platforms.Build.0 = Release|Any CPU
	EndGlobalSection
	GlobalSection(SolutionProperties) = preSolution
		HideSolutionNode = FALSE
	EndGlobalSection
EndGlobal
